
Microsoft Visual Studio Solution File, Format Version 12.00
# Visual Studio Version 17
VisualStudioVersion = 17.8.34330.188
MinimumVisualStudioVersion = 10.0.40219.1
Project("{FAE04EC0-301F-11D3-BF4B-00C04F79EFBC}") = "echo", "echo\echo.csproj", "{600D21B3-2603-4DFC-9645-C6CDAC23628D}"
EndProject
Global
	GlobalSection(SolutionConfigurationPlatforms) = preSolution
		Debug|Any CPU = Debug|Any CPU
		Release|Any CPU = Release|Any CPU
	EndGlobalSection
	GlobalSection(ProjectConfigurationPlatforms) = postSolution
		{600D21B3-2603-4DFC-9645-C6CDAC23628D}.Debug|Any CPU.ActiveCfg = Debug|Any CPU
		{600D21B3-2603-4DFC-9645-C6CDAC23628D}.Debug|Any CPU.Build.0 = Debug|Any CPU
		{600D21B3-2603-4DFC-9645-C6CDAC23628D}.Release|Any CPU.ActiveCfg = Release|Any CPU
		{600D21B3-2603-4DFC-9645-C6CDAC23628D}.Release|Any CPU.Build.0 = Release|Any CPU
	EndGlobalSection
	GlobalSection(SolutionProperties) = preSolution
		HideSolutionNode = FALSE
	EndGlobalSection
	GlobalSection(ExtensibilityGlobals) = postSolution
		SolutionGuid = {1D1A7DDC-1AE8-40D4-BB88-70026B756DD4}
	EndGlobalSection
EndGlobal
